{
    "_meta": {
        "hash": {
            "sha256": "14ccf1f9ea1292eb4acfcac591c9be9f442c835db657065eda3999a440641071"
        },
        "pipfile-spec": 6,
        "requires": {
            "python_version": "3.6"
        },
        "sources": [
            {
                "name": "pypi",
                "url": "https://pypi.org/simple",
                "verify_ssl": true
            }
        ]
    },
    "default": {
        "dataclasses": {
            "hashes": [
                "sha256:0201d89fa866f68c8ebd9d08ee6ff50c0b255f8ec63a71c16fda7af82bb887bf",
                "sha256:8479067f342acf957dc82ec415d355ab5edb7e7646b90dc6e2fd1d96ad084c97"
            ],
            "markers": "python_version < '3.7'",
            "version": "==0.8"
        },
        "grpcio": {
            "hashes": [
                "sha256:0802b080b6b8603a065e505ce83190b6a06229b9a74d0a1681175271ac84fe12",
                "sha256:0bfb637344442b273b698ff425d735a5d806ca8715f988875ad669277fb9b1e6",
                "sha256:104b555e1cb2e0614f05c1def24eb8bb06f1277460058aa0f9c9e6a1018716da",
                "sha256:110028e0b9c346230ae69b8a6d8b25d4d43bfd37bda61a8ec46486da1e781dcb",
                "sha256:13c3b69f8efb214a54f48e8dd1e235a4d8d22fa985f32a9b2844373993c5a605",
                "sha256:199526758f6f8d35a596c610f33ea76faae65ec175dc109e8481ea3404d8527c",
                "sha256:1e2dc213fe71566efbf9a5d704c665ff4b1760a88d37f8533b19ca92776070c9",
                "sha256:1fea4cb4368dd0467eb2d208e2d5e3c4f0be28fe33965d45ac9e1d562be67a8c",
                "sha256:26ed6d07f91ce8aeb4697b7e71d930355282ec80acb7a488f4030a3a75c2f7a8",
                "sha256:2bb1df2920a4968f0c09041b49e591df96f2e6f801f15eed3821c1f16a12f1a8",
                "sha256:2d99fb56c7e836f165828719c3695d3d27ac70b103ab52226f7a7c237e4a3928",
                "sha256:2f185b8c5130663c455f6542906ce99f046608e94950c8b354aa22462c202c2d",
                "sha256:3463256399158e9abf115620994e968db8f003224c36bda0d14570eab8a44cfc",
                "sha256:3d3225d477663c27b9051546a32551babd1ccb80192905e08340264deccc975b",
                "sha256:3f52ef5ba7a8bc334daa87675838d6dafda7d8a116a72b567b8351e561ace498",
                "sha256:47ace91631176efa575c7a34d5004286288f1af1e9de2ff380d1433f241aeed4",
                "sha256:514392a30a275f4f719c2e05ea969c239e5f03eec4a25965852c7582073d8b94",
                "sha256:550b08dfa938e30ffbc1652193cf2877906aa6242d6ba9f61318dc87fcecee63",
                "sha256:5571cb828d694b34a7c75484722803e13a2f5e4760e47ae32fb077c83d0c9b2c",
                "sha256:5792943481d4270b3e9a4700af0eea86e7183f4d3c250a46e0b357949cc09411",
                "sha256:665141b3a97b7d22978c8d2ba0c0af7f67bd6d7a56889c5c0aa715d04009b518",
                "sha256:6affa7e685edbb7421f942296eb618359362e89e641bcf46779c6ec7b944d275",
                "sha256:6f693da8ffd2486c354c90ba5a8ca0f4c50bfb8853495501884cadc152551360",
                "sha256:855c125e8cd1c3ab09a239689c940d26c30680edf2edf87c3c1543bd8633cc8f",
                "sha256:894c5f02c25c83c2320310521a82978b4e252ee18b99a5c4c564d73daeb5c1de",
                "sha256:8d130f666463e4d09a63ff033a6c5cd032867fd51a0db4660c18106aa352be3a",
                "sha256:90e5da224c6b9b23658adf6f36de6f435ef7dbcc9c5c12330314d70d6f8de1f7",
                "sha256:9dc08baa1b28749e90428aaa16e038e8c389d8ccb843ddc0dc8b95231640b432",
                "sha256:a760ef87fde9a8f2761c7ad8ccf617fc590547ed743a9207fe7e367496164c60",
                "sha256:abee7dd82443b2cd128004e053b263a6d7256d570df80956a974634b8c5bc121",
                "sha256:b860e13c112bb9cb44007ef02853a19397d915b31c42dfa18570448bdc0a6245",
                "sha256:b8768daa636e0fa48fec75517bea65ce8fdaca0066dc411fc0a2290d92032f91",
                "sha256:b8ec07dcc1cbd77b8c09dfc0ce6274920cb7b09cc04013110971d95d8bcc0bbf",
                "sha256:c19d6f337860f382ceaa35c5acab439d84c5ffaa8baba36df1f83ab6b9ac4bd3",
                "sha256:c92b5ef64cd5a0c6aea82dd6862fdb8a1562510d537ea3c356a7fe60db7021af",
                "sha256:cebeed160466a1e254eb75e7e1bbeeb1359c50b33a1b8f3b2241a8b8dc9bd216",
                "sha256:d7b1a3a75c34ab39c9df73aa9fecc519dc1035e588a41af19f39b1298a283a57",
                "sha256:d7ec6b04875a5065d04ad86cd2678ca6431dec868c01d731b8233f3de155bfdf",
                "sha256:dc00681d546cae66e9d54451f650fe140f9e1aca2dc4f8c9686cfaa4dd5d680b",
                "sha256:e48595440dc86e13245aec7c096238db12b659e5ae6078aecf99d66befb77678",
                "sha256:e69a5907a2a4cf0011ff46205b6bff8f56b8391436acc3c66b70ce8519578d7e",
                "sha256:ec2dd9f7ab0c809af6b2c65ed31c3cbef2ca9695f7f4d49866ec4707e7836890",
                "sha256:f1d2cd5b1adecbcffee4ad6613f100e0b583ae2e253d2f8f685e7770ec72d622",
                "sha256:f3c0d0995a0cd8c7198cb49b8ce98b4936c5a70109f9246c58e69c898e4f7329",
                "sha256:f5697e4ab90a41a6a1202c1a3ec268a0d69f1cd127a4940d2b2521a0fbc1277b",
                "sha256:f6afd1f4b5e0ec320fb2b027a646944fee8b58ba00fb43d081968f77d1a6e925"
            ],
            "markers": "python_version >= '3.6'",
            "version": "==1.48.2"
        },
        "grpcio-tools": {
            "hashes": [
                "sha256:0119aabd9ceedfdf41b56b9fdc8284dd85a7f589d087f2694d743f346a368556",
                "sha256:072234859f6069dc43a6be8ad6b7d682f4ba1dc2e2db2ebf5c75f62eee0f6dfb",
                "sha256:0fb6c1c1e56eb26b224adc028a4204b6ad0f8b292efa28067dff273bbc8b27c4",
                "sha256:189be2a9b672300ca6845d94016bdacc052fdbe9d1ae9e85344425efae2ff8ef",
                "sha256:21ff50e321736eba22210bf9b94e05391a9ac345f26e7df16333dc75d63e74fb",
                "sha256:3c8749dca04a8d302862ceeb1dfbdd071ee13b281395975f24405a347e5baa57",
                "sha256:4fa4300b1be59b046492ed3c5fdb59760bc6433f44c08f50de900f9552ec7461",
                "sha256:516eedd5eb7af6326050bc2cfceb3a977b9cc1144f283c43cc4956905285c912",
                "sha256:51be91b7c7056ff9ee48b1eccd4a2840b0126230803a5e09dfc082a5b16a91c1",
                "sha256:5410d6b601d1404835e34466bd8aee37213489b36ee1aad2276366e265ff29d4",
                "sha256:55fdebc73fb580717656b1bafa4f8eca448726a7aa22726a6c0a7895d2f0f088",
                "sha256:6cc298fbfe584de8876a85355efbcf796dfbcfac5948c9560f5df82e79336e2a",
                "sha256:6d9753944e5a6b6b78b76ce9d2ae0fe3f748008c1849deb7fadcb64489d6553b",
                "sha256:70564521e86a0de35ea9ac6daecff10cb46860aec469af65869974807ce8e98b",
                "sha256:7307dd2408b82ea545ae63502ec03036b025f449568556ea9a056e06129a7a4e",
                "sha256:80f450272316ca0924545f488c8492649ca3aeb7044d4bf59c426dcdee527f7c",
                "sha256:84a84d601a238572d049d3108e04fe4c206536e81076d56e623bd525a1b38def",
                "sha256:8588819b22d0de3aa1951e1991cc3e4b9aa105eecf6e3e24eb0a2fc8ab958b3e",
                "sha256:8902a035708555cddbd61b5467cea127484362decc52de03f061a1a520fe90cd",
                "sha256:8a5614251c46da07549e24f417cf989710250385e9d80deeafc53a0ee7df6325",
                "sha256:8e0d74403484eb77e8df2566a64b8b0b484b5c87903678c381634dd72f252d5e",
                "sha256:92acc3e10ba2b0dcb90a88ae9fe1cc0ffba6868545207e4ff20ca95284f8e3c9",
                "sha256:9443f5c30bac449237c3cf99da125f8d6e6c01e17972bc683ee73b75dea95573",
                "sha256:9771d4d317dca029dfaca7ec9282d8afe731c18bc536ece37fd39b8a974cc331",
                "sha256:a415fbec67d4ff7efe88794cbe00cf548d0f0a5484cceffe0a0c89d47694c491",
                "sha256:a43d26714933f23de93ea0bf9c86c66a6ede709b8ca32e357f9e2181703e64ae",
                "sha256:ace0035766fe01a1b096aa050be9f0a9f98402317e7aeff8bfe55349be32a407",
                "sha256:ae56f133b05b7e5d780ef7e032dd762adad7f3dc8f64adb43ff5bfabd659f435",
                "sha256:bdbbe63f6190187de5946891941629912ac8196701ed2253fa91624a397822ec",
                "sha256:cabc8b0905cedbc3b2b7b2856334fa35cce3d4bc79ae241cacd8cca8940a5c85",
                "sha256:cb75bac0cd43858cb759ef103fe68f8c540cb58b63dda127e710228fec3007b8",
                "sha256:d18599ab572b2f15a8f3db49503272d1bb4fcabb4b4d1214ef03aca1816b20a0",
                "sha256:d18ef2adc05a8ef9e58ac46357f6d4ce7e43e077c7eda0a4425773461f9d0e6e",
                "sha256:d598ccde6338b2cfbb3124f34c95f03394209013f9b1ed4a5360a736853b1c27",
                "sha256:d77e8b1613876e0d8fd17709509d4ceba13492816426bd156f7e88a4c47e7158",
                "sha256:d886a9e052a038642b3af5d18e6f2085d1656d9788e202dc23258cf3a751e7ca",
                "sha256:d96e96ae7361aa51c9cd9c73b677b51f691f98df6086860fcc3c45852d96b0b0",
                "sha256:dcaaecdd5e847de5c1d533ea91522bf56c9e6b2dc98cdc0d45f0a1c26e846ea2",
                "sha256:e0403e095b343431195db1305248b50019ad55d3dd310254431af87e14ef83a2",
                "sha256:e20d7885a40e68a2bda92908acbabcdf3c14dd386c3845de73ba139e9df1f132",
                "sha256:e5bb396d63495667d4df42e506eed9d74fc9a51c99c173c04395fe7604c848f1",
                "sha256:e712a6d00606ad19abdeae852a7e521d6f6d0dcea843708fecf3a38be16a851e",
                "sha256:e7e7668f89fd598c5469bb58e16bfd12b511d9947ccc75aec94da31f62bc3758",
                "sha256:f0feb4f2b777fa6377e977faa89c26359d4f31953de15e035505b92f41aa6906",
                "sha256:f75973a42c710999acd419968bc79f00327e03e855bbe82c6529e003e49af660",
                "sha256:f766050e491d0b3203b6b85638015f543816a2eb7d089fc04e86e00f6de0e31d"
            ],
            "markers": "python_version >= '3.6'",
            "version": "==1.48.2"
        },
        "grpclib": {
            "hashes": [
                "sha256:ead080cb7d56d6a5e835aaf5255d1ef1dce475a7722566ea225f0188fce33b68"
            ],
            "markers": "python_version >= '3.6'",
            "version": "==0.4.2"
        },
        "h2": {
            "hashes": [
                "sha256:03a46bcf682256c95b5fd9e9a99c1323584c3eec6440d379b9903d709476bc6d",
                "sha256:a83aca08fbe7aacb79fec788c9c0bac936343560ed9ec18b82a13a12c28d2abb"
            ],
            "markers": "python_full_version >= '3.6.1'",
            "version": "==4.1.0"
        },
        "hpack": {
            "hashes": [
                "sha256:84a076fad3dc9a9f8063ccb8041ef100867b1878b25ef0ee63847a5d53818a6c",
                "sha256:fc41de0c63e687ebffde81187a948221294896f6bdc0ae2312708df339430095"
            ],
            "markers": "python_full_version >= '3.6.1'",
            "version": "==4.0.0"
        },
        "hyperframe": {
            "hashes": [
                "sha256:0ec6bafd80d8ad2195c4f03aacba3a8265e57bc4cff261e802bf39970ed02a15",
                "sha256:ae510046231dc8e9ecb1a6586f63d2347bf4c8905914aa84ba585ae85f28a914"
            ],
            "markers": "python_full_version >= '3.6.1'",
            "version": "==6.0.1"
        },
        "multidict": {
            "hashes": [
                "sha256:06560fbdcf22c9387100979e65b26fba0816c162b888cb65b845d3def7a54c9b",
                "sha256:067150fad08e6f2dd91a650c7a49ba65085303fcc3decbd64a57dc13a2733031",
                "sha256:0a2cbcfbea6dc776782a444db819c8b78afe4db597211298dd8b2222f73e9cd0",
                "sha256:0dd1c93edb444b33ba2274b66f63def8a327d607c6c790772f448a53b6ea59ce",
                "sha256:0fed465af2e0eb6357ba95795d003ac0bdb546305cc2366b1fc8f0ad67cc3fda",
                "sha256:116347c63ba049c1ea56e157fa8aa6edaf5e92925c9b64f3da7769bdfa012858",
                "sha256:1b4ac3ba7a97b35a5ccf34f41b5a8642a01d1e55454b699e5e8e7a99b5a3acf5",
                "sha256:1c7976cd1c157fa7ba5456ae5d31ccdf1479680dc9b8d8aa28afabc370df42b8",
                "sha256:246145bff76cc4b19310f0ad28bd0769b940c2a49fc601b86bfd150cbd72bb22",
                "sha256:25cbd39a9029b409167aa0a20d8a17f502d43f2efebfe9e3ac019fe6796c59ac",
                "sha256:28e6d883acd8674887d7edc896b91751dc2d8e87fbdca8359591a13872799e4e",
                "sha256:2d1d55cdf706ddc62822d394d1df53573d32a7a07d4f099470d3cb9323b721b6",
                "sha256:2e77282fd1d677c313ffcaddfec236bf23f273c4fba7cdf198108f5940ae10f5",
                "sha256:32fdba7333eb2351fee2596b756d730d62b5827d5e1ab2f84e6cbb287cc67fe0",
                "sha256:35591729668a303a02b06e8dba0eb8140c4a1bfd4c4b3209a436a02a5ac1de11",
                "sha256:380b868f55f63d048a25931a1632818f90e4be71d2081c2338fcf656d299949a",
                "sha256:3822c5894c72e3b35aae9909bef66ec83e44522faf767c0ad39e0e2de11d3b55",
                "sha256:38ba256ee9b310da6a1a0f013ef4e422fca30a685bcbec86a969bd520504e341",
                "sha256:3bc3b1621b979621cee9f7b09f024ec76ec03cc365e638126a056317470bde1b",
                "sha256:3d2d7d1fff8e09d99354c04c3fd5b560fb04639fd45926b34e27cfdec678a704",
                "sha256:517d75522b7b18a3385726b54a081afd425d4f41144a5399e5abd97ccafdf36b",
                "sha256:5f79c19c6420962eb17c7e48878a03053b7ccd7b69f389d5831c0a4a7f1ac0a1",
                "sha256:5f841c4f14331fd1e36cbf3336ed7be2cb2a8f110ce40ea253e5573387db7621",
                "sha256:637c1896497ff19e1ee27c1c2c2ddaa9f2d134bbb5e0c52254361ea20486418d",
                "sha256:6ee908c070020d682e9b42c8f621e8bb10c767d04416e2ebe44e37d0f44d9ad5",
                "sha256:77f0fb7200cc7dedda7a60912f2059086e29ff67cefbc58d2506638c1a9132d7",
                "sha256:7878b61c867fb2df7a95e44b316f88d5a3742390c99dfba6c557a21b30180cac",
                "sha256:78c106b2b506b4d895ddc801ff509f941119394b89c9115580014127414e6c2d",
                "sha256:8b911d74acdc1fe2941e59b4f1a278a330e9c34c6c8ca1ee21264c51ec9b67ef",
                "sha256:93de39267c4c676c9ebb2057e98a8138bade0d806aad4d864322eee0803140a0",
                "sha256:9416cf11bcd73c861267e88aea71e9fcc35302b3943e45e1dbb4317f91a4b34f",
                "sha256:94b117e27efd8e08b4046c57461d5a114d26b40824995a2eb58372b94f9fca02",
                "sha256:9815765f9dcda04921ba467957be543423e5ec6a1136135d84f2ae092c50d87b",
                "sha256:98ec9aea6223adf46999f22e2c0ab6cf33f5914be604a404f658386a8f1fba37",
                "sha256:a37e9a68349f6abe24130846e2f1d2e38f7ddab30b81b754e5a1fde32f782b23",
                "sha256:a43616aec0f0d53c411582c451f5d3e1123a68cc7b3475d6f7d97a626f8ff90d",
                "sha256:a4771d0d0ac9d9fe9e24e33bed482a13dfc1256d008d101485fe460359476065",
                "sha256:a5635bcf1b75f0f6ef3c8a1ad07b500104a971e38d3683167b9454cb6465ac86",
                "sha256:a9acb76d5f3dd9421874923da2ed1e76041cb51b9337fd7f507edde1d86535d6",
                "sha256:ac42181292099d91217a82e3fa3ce0e0ddf3a74fd891b7c2b347a7f5aa0edded",
                "sha256:b227345e4186809d31f22087d0265655114af7cda442ecaf72246275865bebe4",
                "sha256:b61f85101ef08cbbc37846ac0e43f027f7844f3fade9b7f6dd087178caedeee7",
                "sha256:b70913cbf2e14275013be98a06ef4b412329fe7b4f83d64eb70dce8269ed1e1a",
                "sha256:b9aad49466b8d828b96b9e3630006234879c8d3e2b0a9d99219b3121bc5cdb17",
                "sha256:baf1856fab8212bf35230c019cde7c641887e3fc08cadd39d32a421a30151ea3",
                "sha256:bd6c9c50bf2ad3f0448edaa1a3b55b2e6866ef8feca5d8dbec10ec7c94371d21",
                "sha256:c1ff762e2ee126e6f1258650ac641e2b8e1f3d927a925aafcfde943b77a36d24",
                "sha256:c30ac9f562106cd9e8071c23949a067b10211917fdcb75b4718cf5775356a940",
                "sha256:c9631c642e08b9fff1c6255487e62971d8b8e821808ddd013d8ac058087591ac",
                "sha256:cdd68778f96216596218b4e8882944d24a634d984ee1a5a049b300377878fa7c",
                "sha256:ce8cacda0b679ebc25624d5de66c705bc53dcc7c6f02a7fb0f3ca5e227d80422",
                "sha256:cfde464ca4af42a629648c0b0d79b8f295cf5b695412451716531d6916461628",
                "sha256:d3def943bfd5f1c47d51fd324df1e806d8da1f8e105cc7f1c76a1daf0f7e17b0",
                "sha256:d9b668c065968c5979fe6b6fa6760bb6ab9aeb94b75b73c0a9c1acf6393ac3bf",
                "sha256:da7d57ea65744d249427793c042094c4016789eb2562576fb831870f9c878d9e",
                "sha256:dc3a866cf6c13d59a01878cd806f219340f3e82eed514485e094321f24900677",
                "sha256:df23c83398715b26ab09574217ca21e14694917a0c857e356fd39e1c64f8283f",
                "sha256:dfc924a7e946dd3c6360e50e8f750d51e3ef5395c95dc054bc9eab0f70df4f9c",
                "sha256:e4a67f1080123de76e4e97a18d10350df6a7182e243312426d508712e99988d4",
                "sha256:e5283c0a00f48e8cafcecadebfa0ed1dac8b39e295c7248c44c665c16dc1138b",
                "sha256:e58a9b5cc96e014ddf93c2227cbdeca94b56a7eb77300205d6e4001805391747",
                "sha256:e6453f3cbeb78440747096f239d282cc57a2997a16b5197c9bc839099e1633d0",
                "sha256:e6c4fa1ec16e01e292315ba76eb1d012c025b99d22896bd14a66628b245e3e01",
                "sha256:e7d81ce5744757d2f05fc41896e3b2ae0458464b14b5a2c1e87a6a9d69aefaa8",
                "sha256:ea21d4d5104b4f840b91d9dc8cbc832aba9612121eaba503e54eaab1ad140eb9",
                "sha256:ecc99bce8ee42dcad15848c7885197d26841cb24fa2ee6e89d23b8993c871c64",
                "sha256:f0bb0973f42ffcb5e3537548e0767079420aefd94ba990b61cf7bb8d47f4916d",
                "sha256:f19001e790013ed580abfde2a4465388950728861b52f0da73e8e8a9418533c0",
                "sha256:f76440e480c3b2ca7f843ff8a48dc82446b86ed4930552d736c0bac507498a52",
                "sha256:f9bef5cff994ca3026fcc90680e326d1a19df9841c5e3d224076407cc21471a1",
                "sha256:fc66d4016f6e50ed36fb39cd287a3878ffcebfa90008535c62e0e90a7ab713ae",
                "sha256:fd77c8f3cba815aa69cb97ee2b2ef385c7c12ada9c734b0f3b32e26bb88bbf1d"
            ],
            "markers": "python_version >= '3.6'",
            "version": "==5.2.0"
        },
        "numpy": {
            "hashes": [
                "sha256:012426a41bc9ab63bb158635aecccc7610e3eff5d31d1eb43bc099debc979d94",
                "sha256:06fab248a088e439402141ea04f0fffb203723148f6ee791e9c75b3e9e82f080",
                "sha256:0eef32ca3132a48e43f6a0f5a82cb508f22ce5a3d6f67a8329c81c8e226d3f6e",
                "sha256:1ded4fce9cfaaf24e7a0ab51b7a87be9038ea1ace7f34b841fe3b6894c721d1c",
                "sha256:2e55195bc1c6b705bfd8ad6f288b38b11b1af32f3c8289d6c50d47f950c12e76",
                "sha256:2ea52bd92ab9f768cc64a4c3ef8f4b2580a17af0a5436f6126b08efbd1838371",
                "sha256:36674959eed6957e61f11c912f71e78857a8d0604171dfd9ce9ad5cbf41c511c",
                "sha256:384ec0463d1c2671170901994aeb6dce126de0a95ccc3976c43b0038a37329c2",
                "sha256:39b70c19ec771805081578cc936bbe95336798b7edf4732ed102e7a43ec5c07a",
                "sha256:400580cbd3cff6ffa6293df2278c75aef2d58d8d93d3c5614cd67981dae68ceb",
                "sha256:43d4c81d5ffdff6bae58d66a3cd7f54a7acd9a0e7b18d97abb255defc09e3140",
                "sha256:50a4a0ad0111cc1b71fa32dedd05fa239f7fb5a43a40663269bb5dc7877cfd28",
                "sha256:603aa0706be710eea8884af807b1b3bc9fb2e49b9f4da439e76000f3b3c6ff0f",
                "sha256:6149a185cece5ee78d1d196938b2a8f9d09f5a5ebfbba66969302a778d5ddd1d",
                "sha256:759e4095edc3c1b3ac031f34d9459fa781777a93ccc633a472a5468587a190ff",
                "sha256:7fb43004bce0ca31d8f13a6eb5e943fa73371381e53f7074ed21a4cb786c32f8",
                "sha256:811daee36a58dc79cf3d8bdd4a490e4277d0e4b7d103a001a4e73ddb48e7e6aa",
                "sha256:8b5e972b43c8fc27d56550b4120fe6257fdc15f9301914380b27f74856299fea",
                "sha256:99abf4f353c3d1a0c7a5f27699482c987cf663b1eac20db59b8c7b061eabd7fc",
                "sha256:a0d53e51a6cb6f0d9082decb7a4cb6dfb33055308c4c44f53103c073f649af73",
                "sha256:a12ff4c8ddfee61f90a1633a4c4afd3f7bcb32b11c52026c92a12e1325922d0d",
                "sha256:a4646724fba402aa7504cd48b4b50e783296b5e10a524c7a6da62e4a8ac9698d",
                "sha256:a76f502430dd98d7546e1ea2250a7360c065a5fdea52b2dffe8ae7180909b6f4",
                "sha256:a9d17f2be3b427fbb2bce61e596cf555d6f8a56c222bd2ca148baeeb5e5c783c",
                "sha256:ab83f24d5c52d60dbc8cd0528759532736b56db58adaa7b5f1f76ad551416a1e",
                "sha256:aeb9ed923be74e659984e321f609b9ba54a48354bfd168d21a2b072ed1e833ea",
                "sha256:c843b3f50d1ab7361ca4f0b3639bf691569493a56808a0b0c54a051d260b7dbd",
                "sha256:cae865b1cae1ec2663d8ea56ef6ff185bad091a5e33ebbadd98de2cfa3fa668f",
                "sha256:cc6bd4fd593cb261332568485e20a0712883cf631f6f5e8e86a52caa8b2b50ff",
                "sha256:cf2402002d3d9f91c8b01e66fbb436a4ed01c6498fffed0e4c7566da1d40ee1e",
                "sha256:d051ec1c64b85ecc69531e1137bb9751c6830772ee5c1c426dbcfe98ef5788d7",
                "sha256:d6631f2e867676b13026e2846180e2c13c1e11289d67da08d71cacb2cd93d4aa",
                "sha256:dbd18bcf4889b720ba13a27ec2f2aac1981bd41203b3a3b27ba7a33f88ae4827",
                "sha256:df609c82f18c5b9f6cb97271f03315ff0dbe481a2a02e56aeb1b1a985ce38e60"
            ],
            "markers": "python_version >= '3.6'",
            "version": "==1.19.5"
        },
        "protobuf": {
            "hashes": [
                "sha256:0c44e01f74109decea196b5b313b08edb5316df77313995594a6981e95674259",
                "sha256:15cdecb0d192ab5f17cdc21a9c0ae7b5c6c4451e42c8a888a4f3344c190e369c",
                "sha256:196a153e487c0e20d62259872bbf2e1c4fa18e2ce97e20984fcbf9d8b151058d",
                "sha256:3149c373e9b7ce296bb24d42a3eb677d620185b5dff2c390b2cf57baf79afdc1",
                "sha256:370a6b885e94adda021d4cbe43accdfbf6a02af651a0be337a28906a3fa77f3d",
                "sha256:474247630834f93214fafce49d2ee6ff4c036c8c5382b88432b7eae6f08f131b",
                "sha256:6380aae2683d0d1b41199e591c8ba06f867e8a778d44309af87073c1b34a9f3a",
                "sha256:6741d7d1cfcbdd6cf610f38b7976cf8c0b41022203555298925e4061b6616608",
                "sha256:700787cb56b4cb7b8ed5f7d197b9d8f30080f257f3c7431eec1fdd8060660929",
                "sha256:8117b52c2531e4033f7d02b9be5a78564da41a8b02c255e1b731ad4bd75e7dc0",
                "sha256:850da2072d98c6e576b7eb29734cdde6fd9f5d157e43d7818d79f4b373ef5d51",
                "sha256:85d1fb5ff1d638a0045bbe4f01a8f287023aa4f2b29011445b1be0edc74a2103",
                "sha256:93bca9aaeee8008e15696c2a6b5e56b992da03f9d237ff54310e397d635f8305",
                "sha256:98d414513ec44bb3ba77ebdeffcbbe6ebbf3630c767d37a285890c2414fdd4e2",
                "sha256:a7f91a4e5bf3cc58b2830c9cb01b04ac5e211c288048e9296cd407ec0455fb89",
                "sha256:abbcb8ecd19cfb729b9b71f9a453e37c0c1c017be4bff47804ff25150685386d",
                "sha256:b03966ca4d1aa7850f5bf0d841c22a8eeb6ce091f77e585ffeb8b95a6b0a96c4",
                "sha256:cde2a73b03049b904dbc5d0f500b97e11abb4109dbe2940e6a1595e2eef4e8a9",
                "sha256:d52a687e2c74c40f45abd6906f833d4e40f0f8cfa4226a80e4695fedafe6c57e",
                "sha256:e68ad00695547d9397dd14abd3efba23cb31cef67228f4512d41396971889812",
                "sha256:e9bffd52d6ee039a1cafb72475b2900c6fd0f0dca667fb7a09af0a3e119e78cb"
            ],
            "index": "pypi",
            "version": "==3.18.3"
        },
        "sanitized-package": {
            "editable": true,
            "path": "."
        },
        "serving-utils": {
            "editable": true,
            "path": "."
        },
        "setuptools": {
            "hashes": [
                "sha256:22c7348c6d2976a52632c67f7ab0cdf40147db7789f9aed18734643fe9cf3373",
                "sha256:4ce92f1e1f8f01233ee9952c04f6b81d1e02939d6e1b488428154974a4d0783e"
            ],
            "markers": "python_version >= '3.6'",
            "version": "==59.6.0"
        },
        "six": {
            "hashes": [
                "sha256:1e61c37477a1626458e36f7b1d82aa5c9b094fa4802892072e49de9c60c4c926",
                "sha256:8abb2f1d86890a2dfb989f9a77cfcfd3e47c2a354b01111771326f8aa26e0254"
            ],
            "markers": "python_version >= '2.7' and python_version not in '3.0, 3.1, 3.2, 3.3'",
            "version": "==1.16.0"
        }
    },
    "develop": {
        "asynctest": {
            "hashes": [
                "sha256:5da6118a7e6d6b54d83a8f7197769d046922a44d2a99c21382f0a6e4fadae676",
                "sha256:c27862842d15d83e6a34eb0b2866c323880eb3a75e4485b079ea11748fd77fac"
            ],
            "index": "pypi",
            "version": "==0.13.0"
        },
        "atomicwrites": {
            "hashes": [
                "sha256:81b2c9071a49367a7f770170e5eec8cb66567cfbbc8c73d20ce5ca4a8d71cf11"
            ],
            "version": "==1.4.1"
        },
        "attrs": {
            "hashes": [
                "sha256:29adc2665447e5191d0e7c568fde78b21f9672d344281d0c6e1ab085429b22b6",
                "sha256:86efa402f67bf2df34f51a335487cf46b1ec130d02b8d39fd248abfd30da551c"
            ],
            "markers": "python_version >= '3.5'",
            "version": "==22.1.0"
        },
        "flake8": {
            "hashes": [
                "sha256:6fbe320aad8d6b95cec8b8e47bc933004678dc63095be98528b7bdd2a9f510db",
                "sha256:7a1cf6b73744f5806ab95e526f6f0d8c01c66d7bbe349562d22dfca20610b248"
            ],
            "markers": "python_full_version >= '3.6.1'",
            "version": "==5.0.4"
        },
        "flake8-bugbear": {
            "hashes": [
                "sha256:17b9623325e6e0dcdcc80ed9e4aa811287fcc81d7e03313b8736ea5733759937",
                "sha256:cd2779b2b7ada212d7a322814a1e5651f1868ab0d3f24cc9da66169ab8fda474"
            ],
            "markers": "python_version >= '3.5'",
            "version": "==22.9.23"
        },
        "flake8-builtins": {
            "hashes": [
                "sha256:09998853b2405e98e61d2ff3027c47033adbdc17f9fe44ca58443d876eb00f3b",
                "sha256:7706babee43879320376861897e5d1468e396a40b8918ed7bccf70e5f90b8687"
            ],
            "version": "==1.5.3"
        },
        "flake8-class-newline": {
            "hashes": [
                "sha256:130a6991e8c58ec9a6380d273e449e61bcd974b446c97f1e16493f6350fa8d35",
                "sha256:44e77747396c7586bbfe7814df9caf17d92000cb70a5ef9df5d721c934c6db33",
                "sha256:514c4923c88eb8b3dd52db4b55b8d3483520db89db80af6ba812a4af15421ff1"
            ],
            "version": "==1.6.0"
        },
        "flake8-commas": {
            "hashes": [
                "sha256:940441ab8ee544df564ae3b3f49f20462d75d5c7cac2463e0b27436e2050f263",
                "sha256:ebb96c31e01d0ef1d0685a21f3f0e2f8153a0381430e748bf0bbbb5d5b453d54"
            ],
            "version": "==2.1.0"
        },
        "flake8-config-yoctol": {
            "hashes": [
                "sha256:2ab3d9ea4dbfa22625661841ff199574b155476380da5336731e1fa018aad5c5",
                "sha256:c8b849ce883cb84ee951c8954bae267bdebfd66393b442f6f1f33de757a7c48f"
            ],
            "index": "pypi",
            "version": "==0.0.12"
        },
        "flake8-debugger": {
            "hashes": [
                "sha256:82e64faa72e18d1bdd0000407502ebb8ecffa7bc027c62b9d4110ce27c091032",
                "sha256:e43dc777f7db1481db473210101ec2df2bd39a45b149d7218a618e954177eda6"
            ],
            "markers": "python_version >= '3.6'",
            "version": "==4.0.0"
        },
        "flake8-print": {
            "hashes": [
                "sha256:12b3c3bf65329d8ca9acde949fb3b932ec113e9e5ffa6cb7cd55a7dbcd67dae1",
                "sha256:e246bcd5b07d5259af460b7eff148052c49114640380d7f22340f30920fabf02"
            ],
            "markers": "python_version >= '3.6'",
            "version": "==4.0.1"
        },
        "importlib-metadata": {
            "hashes": [
                "sha256:057e92c15bc8d9e8109738a48db0ccb31b4d9d5cfbee5a8670879a30be66304b",
                "sha256:b7e52a1f8dec14a75ea73e0891f3060099ca1d8e6a462a4dff11c3e119ea1b31"
            ],
            "markers": "python_version < '3.8'",
            "version": "==4.2.0"
        },
        "mccabe": {
            "hashes": [
                "sha256:348e0240c33b60bbdf4e523192ef919f28cb2c3d7d5c7794f74009290f236325",
                "sha256:6c2d30ab6be0e4a46919781807b4f0d834ebdd6c6e3dca0bda5a15f863427b6e"
            ],
            "markers": "python_version >= '3.6'",
            "version": "==0.7.0"
        },
        "more-itertools": {
            "hashes": [
                "sha256:1bc4f91ee5b1b31ac7ceacc17c09befe6a40a503907baf9c839c229b5095cfd2",
                "sha256:c09443cd3d5438b8dafccd867a6bc1cb0894389e90cb53d227456b0b0bccb750"
            ],
            "markers": "python_version >= '3.5'",
            "version": "==8.14.0"
        },
        "packaging": {
            "hashes": [
                "sha256:dd47c42927d89ab911e606518907cc2d3a1f38bbd026385970643f9c5b8ecfeb",
                "sha256:ef103e05f519cdc783ae24ea4e2e0f508a9c99b2d4969652eed6a2e1ea5bd522"
            ],
            "markers": "python_version >= '3.6'",
            "version": "==21.3"
        },
        "pluggy": {
            "hashes": [
                "sha256:15b2acde666561e1298d71b523007ed7364de07029219b604cf808bfa1c765b0",
                "sha256:966c145cd83c96502c3c3868f50408687b38434af77734af1e9ca461a4081d2d"
            ],
            "markers": "python_version >= '2.7' and python_version not in '3.0, 3.1, 3.2, 3.3'",
            "version": "==0.13.1"
        },
        "py": {
            "hashes": [
                "sha256:51c75c4126074b472f746a24399ad32f6053d1b34b68d2fa41e558e6f4a98719",
                "sha256:607c53218732647dff4acdfcd50cb62615cedf612e72d1724fb1a0cc6405b378"
            ],
            "markers": "python_version >= '2.7' and python_version not in '3.0, 3.1, 3.2, 3.3, 3.4'",
            "version": "==1.11.0"
        },
        "pycodestyle": {
            "hashes": [
                "sha256:2c9607871d58c76354b697b42f5d57e1ada7d261c261efac224b664affdc5785",
                "sha256:d1735fc58b418fd7c5f658d28d943854f8a849b01a5d0a1e6f3f3fdd0166804b"
            ],
            "markers": "python_version >= '3.6'",
            "version": "==2.9.1"
        },
        "pyflakes": {
            "hashes": [
                "sha256:4579f67d887f804e67edb544428f264b7b24f435b263c4614f384135cea553d2",
                "sha256:491feb020dca48ccc562a8c0cbe8df07ee13078df59813b83959cbdada312ea3"
            ],
            "markers": "python_version >= '3.6'",
            "version": "==2.5.0"
        },
        "pyparsing": {
            "hashes": [
                "sha256:2b020ecf7d21b687f219b71ecad3631f644a47f01403fa1d1036b0c6416d70fb",
                "sha256:5026bae9a10eeaefb61dab2f09052b9f4307d44aee4eda64b309723d8d206bbc"
            ],
            "markers": "python_full_version >= '3.6.8'",
            "version": "==3.0.9"
        },
        "pytest": {
            "hashes": [
                "sha256:27abc3fef618a01bebb1f0d6d303d2816a99aa87a5968ebc32fe971be91eb1e6",
                "sha256:58cee9e09242937e136dbb3dab466116ba20d6b7828c7620f23947f37eb4dae4"
            ],
            "index": "pypi",
            "version": "==5.2.2"
        },
        "pytest-asyncio": {
            "hashes": [
                "sha256:9fac5100fd716cbecf6ef89233e8590a4ad61d729d1732e0a96b84182df1daaf",
                "sha256:d734718e25cfc32d2bf78d346e99d33724deeba774cc4afdf491530c6184b63b"
            ],
            "index": "pypi",
            "version": "==0.10.0"
        },
        "six": {
            "hashes": [
                "sha256:1e61c37477a1626458e36f7b1d82aa5c9b094fa4802892072e49de9c60c4c926",
                "sha256:8abb2f1d86890a2dfb989f9a77cfcfd3e47c2a354b01111771326f8aa26e0254"
            ],
            "markers": "python_version >= '2.7' and python_version not in '3.0, 3.1, 3.2, 3.3'",
            "version": "==1.16.0"
        },
        "typing-extensions": {
            "hashes": [
                "sha256:1a9462dcc3347a79b1f1c0271fbe79e844580bb598bafa1ed208b94da3cdcd42",
                "sha256:21c85e0fe4b9a155d0799430b0ad741cdce7e359660ccbd8b530613e8df88ce2"
            ],
            "markers": "python_version < '3.8'",
            "version": "==4.1.1"
        },
        "wcwidth": {
            "hashes": [
                "sha256:beb4802a9cebb9144e99086eff703a642a13d6a0052920003a230f3294bbe784",
                "sha256:c4d647b99872929fdb7bdcaa4fbe7f01413ed3d98077df798530e5b04f116c83"
            ],
            "version": "==0.2.5"
        },
        "zipp": {
            "hashes": [
                "sha256:71c644c5369f4a6e07636f0aa966270449561fcea2e3d6747b8d23efaa9d7832",
                "sha256:9fe5ea21568a0a70e50f273397638d39b03353731e6cbbb3fd8502a33fec40bc"
            ],
            "markers": "python_version >= '3.6'",
            "version": "==3.6.0"
        }
    }
}
